<?xml version="1.0" encoding="utf-8"?>
<Project ToolsVersion="4.0" xmlns="http://schemas.microsoft.com/developer/msbuild/2003">
  <ItemGroup>
    <ClInclude Include="ViewportDesc.h" />
    <ClInclude Include="VertexStreamDesc.h" />
    <ClInclude Include="BufferDesc.h" />
    <ClInclude Include="IBuffer.h" />
    <ClInclude Include="TextureDesc.h" />
    <ClInclude Include="ITexture.h" />
    <ClInclude Include="IEffect.h" />
    <ClInclude Include="InputSignatureDesc.h" />
    <ClInclude Include="VertexDeclarationDesc.h" />
    <ClInclude Include="IRenderer.h" />
    <ClInclude Include="OpenGL.h" />
    <ClInclude Include="GLee\GLee.h">
      <Filter>GLee</Filter>
    </ClInclude>
    <ClInclude Include="Buffer.h" />
    <ClInclude Include="Texture.h" />
    <ClInclude Include="Effect.h" />
    <ClInclude Include="IVertexDeclaration.h" />
    <ClInclude Include="VertexDeclaration.h" />
    <ClInclude Include="Renderer.h" />
    <ClInclude Include="Texture2D.h" />
    <ClInclude Include="Texture1D.h" />
    <ClInclude Include="Texture3D.h" />
    <ClInclude Include="Vector2.h" />
    <ClInclude Include="Vector3.h" />
    <ClInclude Include="Matrix4.h" />
    <ClInclude Include="MathUtility.h" />
  </ItemGroup>
  <ItemGroup>
    <ClCompile Include="Main.cpp" />
    <ClCompile Include="GLee\GLee.c">
      <Filter>GLee</Filter>
    </ClCompile>
    <ClCompile Include="Buffer.cpp" />
    <ClCompile Include="Texture.cpp" />
    <ClCompile Include="Effect.cpp" />
    <ClCompile Include="VertexDeclaration.cpp" />
    <ClCompile Include="Renderer.cpp" />
    <ClCompile Include="Texture2D.cpp" />
    <ClCompile Include="Texture1D.cpp" />
    <ClCompile Include="Texture3D.cpp" />
    <ClCompile Include="Vector2.cpp" />
    <ClCompile Include="Vector3.cpp" />
    <ClCompile Include="Matrix4.cpp" />
    <ClCompile Include="MathUtility.cpp" />
  </ItemGroup>
  <ItemGroup>
    <Filter Include="GLee">
      <UniqueIdentifier>{2783348f-70d5-46c1-97ad-d0ee8371363a}</UniqueIdentifier>
    </Filter>
  </ItemGroup>
  <ItemGroup>
    <None Include="test.cgfx" />
  </ItemGroup>
</Project>